
Microsoft Visual Studio Solution File, Format Version 12.00
# Visual Studio Version 16
VisualStudioVersion = 16.0.31424.327
MinimumVisualStudioVersion = 10.0.40219.1
Project("{FAE04EC0-301F-11D3-BF4B-00C04F79EFBC}") = "Insert_view_Asp_net", "Insert_view_Asp_net\Insert_view_Asp_net.csproj", "{8DA6B123-87B6-415A-A712-117B5A67360E}"
EndProject
Global
	GlobalSection(SolutionConfigurationPlatforms) = preSolution
		Debug|Any CPU = Debug|Any CPU
		Release|Any CPU = Release|Any CPU
	EndGlobalSection
	GlobalSection(ProjectConfigurationPlatforms) = postSolution
		{8DA6B123-87B6-415A-A712-117B5A67360E}.Debug|Any CPU.ActiveCfg = Debug|Any CPU
		{8DA6B123-87B6-415A-A712-117B5A67360E}.Debug|Any CPU.Build.0 = Debug|Any CPU
		{8DA6B123-87B6-415A-A712-117B5A67360E}.Release|Any CPU.ActiveCfg = Release|Any CPU
		{8DA6B123-87B6-415A-A712-117B5A67360E}.Release|Any CPU.Build.0 = Release|Any CPU
	EndGlobalSection
	GlobalSection(SolutionProperties) = preSolution
		HideSolutionNode = FALSE
	EndGlobalSection
	GlobalSection(ExtensibilityGlobals) = postSolution
		SolutionGuid = {10BCAFC4-98C8-4C8D-B09E-F69F172C4833}
	EndGlobalSection
EndGlobal
